// !$*UTF8*$!
{
	archiveVersion = 1;
	classes = {
	};
	objectVersion = 46;
	objects = {

/* Begin PBXBuildFile section */
		4955564F1EE77BF400B15D43 /* AppDelegate.swift in Sources */ = {isa = PBXBuildFile; fileRef = 4955564E1EE77BF400B15D43 /* AppDelegate.swift */; };
		495556511EE77BF400B15D43 /* GameScene.sks in Resources */ = {isa = PBXBuildFile; fileRef = 495556501EE77BF400B15D43 /* GameScene.sks */; };
		495556531EE77BF400B15D43 /* Actions.sks in Resources */ = {isa = PBXBuildFile; fileRef = 495556521EE77BF400B15D43 /* Actions.sks */; };
		495556551EE77BF400B15D43 /* GameScene.swift in Sources */ = {isa = PBXBuildFile; fileRef = 495556541EE77BF400B15D43 /* GameScene.swift */; };
		495556571EE77BF400B15D43 /* GameViewController.swift in Sources */ = {isa = PBXBuildFile; fileRef = 495556561EE77BF400B15D43 /* GameViewController.swift */; };
		4955565A1EE77BF400B15D43 /* Main.storyboard in Resources */ = {isa = PBXBuildFile; fileRef = 495556581EE77BF400B15D43 /* Main.storyboard */; };
		4955565C1EE77BF400B15D43 /* Assets.xcassets in Resources */ = {isa = PBXBuildFile; fileRef = 4955565B1EE77BF400B15D43 /* Assets.xcassets */; };
		4955565F1EE77BF400B15D43 /* LaunchScreen.storyboard in Resources */ = {isa = PBXBuildFile; fileRef = 4955565D1EE77BF400B15D43 /* LaunchScreen.storyboard */; };
		495556671EE77D3600B15D43 /* Hero.sks in Resources */ = {isa = PBXBuildFile; fileRef = 495556661EE77D3600B15D43 /* Hero.sks */; };
		495556691EE7813E00B15D43 /* CGFloat+Extensions.swift in Sources */ = {isa = PBXBuildFile; fileRef = 495556681EE7813E00B15D43 /* CGFloat+Extensions.swift */; };
		4955566B1EE7823500B15D43 /* Obstacle.sks in Resources */ = {isa = PBXBuildFile; fileRef = 4955566A1EE7823500B15D43 /* Obstacle.sks */; };
		4955566D1EE7999000B15D43 /* MSButtonNode.swift in Sources */ = {isa = PBXBuildFile; fileRef = 4955566C1EE7999000B15D43 /* MSButtonNode.swift */; };
		4955566F1EE79AE900B15D43 /* GameEffects.sks in Resources */ = {isa = PBXBuildFile; fileRef = 4955566E1EE79AE900B15D43 /* GameEffects.sks */; };
/* End PBXBuildFile section */

/* Begin PBXFileReference section */
		4955564B1EE77BF400B15D43 /* Hoppy Bunny 2017.app */ = {isa = PBXFileReference; explicitFileType = wrapper.application; includeInIndex = 0; path = "Hoppy Bunny 2017.app"; sourceTree = BUILT_PRODUCTS_DIR; };
		4955564E1EE77BF400B15D43 /* AppDelegate.swift */ = {isa = PBXFileReference; lastKnownFileType = sourcecode.swift; path = AppDelegate.swift; sourceTree = "<group>"; };
		495556501EE77BF400B15D43 /* GameScene.sks */ = {isa = PBXFileReference; lastKnownFileType = file.sks; path = GameScene.sks; sourceTree = "<group>"; };
		495556521EE77BF400B15D43 /* Actions.sks */ = {isa = PBXFileReference; lastKnownFileType = file.sks; path = Actions.sks; sourceTree = "<group>"; };
		495556541EE77BF400B15D43 /* GameScene.swift */ = {isa = PBXFileReference; lastKnownFileType = sourcecode.swift; path = GameScene.swift; sourceTree = "<group>"; };
		495556561EE77BF400B15D43 /* GameViewController.swift */ = {isa = PBXFileReference; lastKnownFileType = sourcecode.swift; path = GameViewController.swift; sourceTree = "<group>"; };
		495556591EE77BF400B15D43 /* Base */ = {isa = PBXFileReference; lastKnownFileType = file.storyboard; name = Base; path = Base.lproj/Main.storyboard; sourceTree = "<group>"; };
		4955565B1EE77BF400B15D43 /* Assets.xcassets */ = {isa = PBXFileReference; lastKnownFileType = folder.assetcatalog; path = Assets.xcassets; sourceTree = "<group>"; };
		4955565E1EE77BF400B15D43 /* Base */ = {isa = PBXFileReference; lastKnownFileType = file.storyboard; name = Base; path = Base.lproj/LaunchScreen.storyboard; sourceTree = "<group>"; };
		495556601EE77BF400B15D43 /* Info.plist */ = {isa = PBXFileReference; lastKnownFileType = text.plist.xml; path = Info.plist; sourceTree = "<group>"; };
		495556661EE77D3600B15D43 /* Hero.sks */ = {isa = PBXFileReference; lastKnownFileType = file.sks; path = Hero.sks; sourceTree = "<group>"; };
		495556681EE7813E00B15D43 /* CGFloat+Extensions.swift */ = {isa = PBXFileReference; fileEncoding = 4; lastKnownFileType = sourcecode.swift; path = "CGFloat+Extensions.swift"; sourceTree = "<group>"; };
		4955566A1EE7823500B15D43 /* Obstacle.sks */ = {isa = PBXFileReference; lastKnownFileType = file.sks; path = Obstacle.sks; sourceTree = "<group>"; };
		4955566C1EE7999000B15D43 /* MSButtonNode.swift */ = {isa = PBXFileReference; fileEncoding = 4; lastKnownFileType = sourcecode.swift; path = MSButtonNode.swift; sourceTree = "<group>"; };
		4955566E1EE79AE900B15D43 /* GameEffects.sks */ = {isa = PBXFileReference; lastKnownFileType = file.sks; path = GameEffects.sks; sourceTree = "<group>"; };
/* End PBXFileReference section */

/* Begin PBXFrameworksBuildPhase section */
		495556481EE77BF400B15D43 /* Frameworks */ = {
			isa = PBXFrameworksBuildPhase;
			buildActionMask = 2147483647;
			files = (
			);
			runOnlyForDeploymentPostprocessing = 0;
		};
/* End PBXFrameworksBuildPhase section */

/* Begin PBXGroup section */
		495556421EE77BF400B15D43 = {
			isa = PBXGroup;
			children = (
				4955564D1EE77BF400B15D43 /* Hoppy Bunny 2017 */,
				4955564C1EE77BF400B15D43 /* Products */,
			);
			sourceTree = "<group>";
		};
		4955564C1EE77BF400B15D43 /* Products */ = {
			isa = PBXGroup;
			children = (
				4955564B1EE77BF400B15D43 /* Hoppy Bunny 2017.app */,
			);
			name = Products;
			sourceTree = "<group>";
		};
		4955564D1EE77BF400B15D43 /* Hoppy Bunny 2017 */ = {
			isa = PBXGroup;
			children = (
				4955564E1EE77BF400B15D43 /* AppDelegate.swift */,
				495556501EE77BF400B15D43 /* GameScene.sks */,
				495556521EE77BF400B15D43 /* Actions.sks */,
				495556661EE77D3600B15D43 /* Hero.sks */,
				4955566A1EE7823500B15D43 /* Obstacle.sks */,
				4955566E1EE79AE900B15D43 /* GameEffects.sks */,
				495556541EE77BF400B15D43 /* GameScene.swift */,
				495556561EE77BF400B15D43 /* GameViewController.swift */,
				495556681EE7813E00B15D43 /* CGFloat+Extensions.swift */,
				4955566C1EE7999000B15D43 /* MSButtonNode.swift */,
				495556581EE77BF400B15D43 /* Main.storyboard */,
				4955565B1EE77BF400B15D43 /* Assets.xcassets */,
				4955565D1EE77BF400B15D43 /* LaunchScreen.storyboard */,
				495556601EE77BF400B15D43 /* Info.plist */,
			);
			path = "Hoppy Bunny 2017";
			sourceTree = "<group>";
		};
/* End PBXGroup section */

/* Begin PBXNativeTarget section */
		4955564A1EE77BF400B15D43 /* Hoppy Bunny 2017 */ = {
			isa = PBXNativeTarget;
			buildConfigurationList = 495556631EE77BF400B15D43 /* Build configuration list for PBXNativeTarget "Hoppy Bunny 2017" */;
			buildPhases = (
				495556471EE77BF400B15D43 /* Sources */,
				495556481EE77BF400B15D43 /* Frameworks */,
				495556491EE77BF400B15D43 /* Resources */,
			);
			buildRules = (
			);
			dependencies = (
			);
			name = "Hoppy Bunny 2017";
			productName = "Hoppy Bunny 2017";
			productReference = 4955564B1EE77BF400B15D43 /* Hoppy Bunny 2017.app */;
			productType = "com.apple.product-type.application";
		};
/* End PBXNativeTarget section */

/* Begin PBXProject section */
		495556431EE77BF400B15D43 /* Project object */ = {
			isa = PBXProject;
			attributes = {
				LastSwiftUpdateCheck = 0830;
				LastUpgradeCheck = 0830;
				ORGANIZATIONNAME = "Brandon Troche";
				TargetAttributes = {
					4955564A1EE77BF400B15D43 = {
						CreatedOnToolsVersion = 8.3.3;
						ProvisioningStyle = Automatic;
					};
				};
			};
			buildConfigurationList = 495556461EE77BF400B15D43 /* Build configuration list for PBXProject "Hoppy Bunny 2017" */;
			compatibilityVersion = "Xcode 3.2";
			developmentRegion = English;
			hasScannedForEncodings = 0;
			knownRegions = (
				en,
				Base,
			);
			mainGroup = 495556421EE77BF400B15D43;
			productRefGroup = 4955564C1EE77BF400B15D43 /* Products */;
			projectDirPath = "";
			projectRoot = "";
			targets = (
				4955564A1EE77BF400B15D43 /* Hoppy Bunny 2017 */,
			);
		};
/* End PBXProject section */

/* Begin PBXResourcesBuildPhase section */
		495556491EE77BF400B15D43 /* Resources */ = {
			isa = PBXResourcesBuildPhase;
			buildActionMask = 2147483647;
			files = (
				4955566F1EE79AE900B15D43 /* GameEffects.sks in Resources */,
				4955565A1EE77BF400B15D43 /* Main.storyboard in Resources */,
				495556511EE77BF400B15D43 /* GameScene.sks in Resources */,
				4955565C1EE77BF400B15D43 /* Assets.xcassets in Resources */,
				495556671EE77D3600B15D43 /* Hero.sks in Resources */,
				4955565F1EE77BF400B15D43 /* LaunchScreen.storyboard in Resources */,
				495556531EE77BF400B15D43 /* Actions.sks in Resources */,
				4955566B1EE7823500B15D43 /* Obstacle.sks in Resources */,
			);
			runOnlyForDeploymentPostprocessing = 0;
		};
/* End PBXResourcesBuildPhase section */

/* Begin PBXSourcesBuildPhase section */
		495556471EE77BF400B15D43 /* Sources */ = {
			isa = PBXSourcesBuildPhase;
			buildActionMask = 2147483647;
			files = (
				495556551EE77BF400B15D43 /* GameScene.swift in Sources */,
				495556571EE77BF400B15D43 /* GameViewController.swift in Sources */,
				495556691EE7813E00B15D43 /* CGFloat+Extensions.swift in Sources */,
				4955564F1EE77BF400B15D43 /* AppDelegate.swift in Sources */,
				4955566D1EE7999000B15D43 /* MSButtonNode.swift in Sources */,
			);
			runOnlyForDeploymentPostprocessing = 0;
		};
/* End PBXSourcesBuildPhase section */

/* Begin PBXVariantGroup section */
		495556581EE77BF400B15D43 /* Main.storyboard */ = {
			isa = PBXVariantGroup;
			children = (
				495556591EE77BF400B15D43 /* Base */,
			);
			name = Main.storyboard;
			sourceTree = "<group>";
		};
		4955565D1EE77BF400B15D43 /* LaunchScreen.storyboard */ = {
			isa = PBXVariantGroup;
			children = (
				4955565E1EE77BF400B15D43 /* Base */,
			);
			name = LaunchScreen.storyboard;
			sourceTree = "<group>";
		};
/* End PBXVariantGroup section */

/* Begin XCBuildConfiguration section */
		495556611EE77BF400B15D43 /* Debug */ = {
			isa = XCBuildConfiguration;
			buildSettings = {
				ALWAYS_SEARCH_USER_PATHS = NO;
				CLANG_ANALYZER_NONNULL = YES;
				CLANG_ANALYZER_NUMBER_OBJECT_CONVERSION = YES_AGGRESSIVE;
				CLANG_CXX_LANGUAGE_STANDARD = "gnu++0x";
				CLANG_CXX_LIBRARY = "libc++";
				CLANG_ENABLE_MODULES = YES;
				CLANG_ENABLE_OBJC_ARC = YES;
				CLANG_WARN_BOOL_CONVERSION = YES;
				CLANG_WARN_CONSTANT_CONVERSION = YES;
				CLANG_WARN_DIRECT_OBJC_ISA_USAGE = YES_ERROR;
				CLANG_WARN_DOCUMENTATION_COMMENTS = YES;
				CLANG_WARN_EMPTY_BODY = YES;
				CLANG_WARN_ENUM_CONVERSION = YES;
				CLANG_WARN_INFINITE_RECURSION = YES;
				CLANG_WARN_INT_CONVERSION = YES;
				CLANG_WARN_OBJC_ROOT_CLASS = YES_ERROR;
				CLANG_WARN_SUSPICIOUS_MOVE = YES;
				CLANG_WARN_UNREACHABLE_CODE = YES;
				CLANG_WARN__DUPLICATE_METHOD_MATCH = YES;
				"CODE_SIGN_IDENTITY[sdk=iphoneos*]" = "iPhone Developer";
				COPY_PHASE_STRIP = NO;
				DEBUG_INFORMATION_FORMAT = dwarf;
				ENABLE_STRICT_OBJC_MSGSEND = YES;
				ENABLE_TESTABILITY = YES;
				GCC_C_LANGUAGE_STANDARD = gnu99;
				GCC_DYNAMIC_NO_PIC = NO;
				GCC_NO_COMMON_BLOCKS = YES;
				GCC_OPTIMIZATION_LEVEL = 0;
				GCC_PREPROCESSOR_DEFINITIONS = (
					"DEBUG=1",
					"$(inherited)",
				);
				GCC_WARN_64_TO_32_BIT_CONVERSION = YES;
				GCC_WARN_ABOUT_RETURN_TYPE = YES_ERROR;
				GCC_WARN_UNDECLARED_SELECTOR = YES;
				GCC_WARN_UNINITIALIZED_AUTOS = YES_AGGRESSIVE;
				GCC_WARN_UNUSED_FUNCTION = YES;
				GCC_WARN_UNUSED_VARIABLE = YES;
				IPHONEOS_DEPLOYMENT_TARGET = 10.3;
				MTL_ENABLE_DEBUG_INFO = YES;
				ONLY_ACTIVE_ARCH = YES;
				SDKROOT = iphoneos;
				SWIFT_ACTIVE_COMPILATION_CONDITIONS = DEBUG;
				SWIFT_OPTIMIZATION_LEVEL = "-Onone";
			};
			name = Debug;
		};
		495556621EE77BF400B15D43 /* Release */ = {
			isa = XCBuildConfiguration;
			buildSettings = {
				ALWAYS_SEARCH_USER_PATHS = NO;
				CLANG_ANALYZER_NONNULL = YES;
				CLANG_ANALYZER_NUMBER_OBJECT_CONVERSION = YES_AGGRESSIVE;
				CLANG_CXX_LANGUAGE_STANDARD = "gnu++0x";
				CLANG_CXX_LIBRARY = "libc++";
				CLANG_ENABLE_MODULES = YES;
				CLANG_ENABLE_OBJC_ARC = YES;
				CLANG_WARN_BOOL_CONVERSION = YES;
				CLANG_WARN_CONSTANT_CONVERSION = YES;
				CLANG_WARN_DIRECT_OBJC_ISA_USAGE = YES_ERROR;
				CLANG_WARN_DOCUMENTATION_COMMENTS = YES;
				CLANG_WARN_EMPTY_BODY = YES;
				CLANG_WARN_ENUM_CONVERSION = YES;
				CLANG_WARN_INFINITE_RECURSION = YES;
				CLANG_WARN_INT_CONVERSION = YES;
				CLANG_WARN_OBJC_ROOT_CLASS = YES_ERROR;
				CLANG_WARN_SUSPICIOUS_MOVE = YES;
				CLANG_WARN_UNREACHABLE_CODE = YES;
				CLANG_WARN__DUPLICATE_METHOD_MATCH = YES;
				"CODE_SIGN_IDENTITY[sdk=iphoneos*]" = "iPhone Developer";
				COPY_PHASE_STRIP = NO;
				DEBUG_INFORMATION_FORMAT = "dwarf-with-dsym";
				ENABLE_NS_ASSERTIONS = NO;
				ENABLE_STRICT_OBJC_MSGSEND = YES;
				GCC_C_LANGUAGE_STANDARD = gnu99;
				GCC_NO_COMMON_BLOCKS = YES;
				GCC_WARN_64_TO_32_BIT_CONVERSION = YES;
				GCC_WARN_ABOUT_RETURN_TYPE = YES_ERROR;
				GCC_WARN_UNDECLARED_SELECTOR = YES;
				GCC_WARN_UNINITIALIZED_AUTOS = YES_AGGRESSIVE;
				GCC_WARN_UNUSED_FUNCTION = YES;
				GCC_WARN_UNUSED_VARIABLE = YES;
				IPHONEOS_DEPLOYMENT_TARGET = 10.3;
				MTL_ENABLE_DEBUG_INFO = NO;
				SDKROOT = iphoneos;
				SWIFT_OPTIMIZATION_LEVEL = "-Owholemodule";
				VALIDATE_PRODUCT = YES;
			};
			name = Release;
		};
		495556641EE77BF400B15D43 /* Debug */ = {
			isa = XCBuildConfiguration;
			buildSettings = {
				ASSETCATALOG_COMPILER_APPICON_NAME = AppIcon;
				INFOPLIST_FILE = "Hoppy Bunny 2017/Info.plist";
				LD_RUNPATH_SEARCH_PATHS = "$(inherited) @executable_path/Frameworks";
				PRODUCT_BUNDLE_IDENTIFIER = "Make-School.Hoppy-Bunny-2017";
				PRODUCT_NAME = "$(TARGET_NAME)";
				SWIFT_VERSION = 3.0;
			};
			name = Debug;
		};
		495556651EE77BF400B15D43 /* Release */ = {
			isa = XCBuildConfiguration;
			buildSettings = {
				ASSETCATALOG_COMPILER_APPICON_NAME = AppIcon;
				INFOPLIST_FILE = "Hoppy Bunny 2017/Info.plist";
				LD_RUNPATH_SEARCH_PATHS = "$(inherited) @executable_path/Frameworks";
				PRODUCT_BUNDLE_IDENTIFIER = "Make-School.Hoppy-Bunny-2017";
				PRODUCT_NAME = "$(TARGET_NAME)";
				SWIFT_VERSION = 3.0;
			};
			name = Release;
		};
/* End XCBuildConfiguration section */

/* Begin XCConfigurationList section */
		495556461EE77BF400B15D43 /* Build configuration list for PBXProject "Hoppy Bunny 2017" */ = {
			isa = XCConfigurationList;
			buildConfigurations = (
				495556611EE77BF400B15D43 /* Debug */,
				495556621EE77BF400B15D43 /* Release */,
			);
			defaultConfigurationIsVisible = 0;
			defaultConfigurationName = Release;
		};
		495556631EE77BF400B15D43 /* Build configuration list for PBXNativeTarget "Hoppy Bunny 2017" */ = {
			isa = XCConfigurationList;
			buildConfigurations = (
				495556641EE77BF400B15D43 /* Debug */,
				495556651EE77BF400B15D43 /* Release */,
			);
			defaultConfigurationIsVisible = 0;
		};
/* End XCConfigurationList section */
	};
	rootObject = 495556431EE77BF400B15D43 /* Project object */;
}
